
Microsoft Visual Studio Solution File, Format Version 12.00
# Visual Studio Version 17
VisualStudioVersion = 17.4.33103.184
MinimumVisualStudioVersion = 10.0.40219.1
Project("{FAE04EC0-301F-11D3-BF4B-00C04F79EFBC}") = "Inlämning1", "Inlämning1\Inlämning1.csproj", "{7A98696C-B2AE-45D1-829A-0AF6A225AF27}"
EndProject
Global
	GlobalSection(SolutionConfigurationPlatforms) = preSolution
		Debug|Any CPU = Debug|Any CPU
		Release|Any CPU = Release|Any CPU
	EndGlobalSection
	GlobalSection(ProjectConfigurationPlatforms) = postSolution
		{7A98696C-B2AE-45D1-829A-0AF6A225AF27}.Debug|Any CPU.ActiveCfg = Debug|Any CPU
		{7A98696C-B2AE-45D1-829A-0AF6A225AF27}.Debug|Any CPU.Build.0 = Debug|Any CPU
		{7A98696C-B2AE-45D1-829A-0AF6A225AF27}.Release|Any CPU.ActiveCfg = Release|Any CPU
		{7A98696C-B2AE-45D1-829A-0AF6A225AF27}.Release|Any CPU.Build.0 = Release|Any CPU
	EndGlobalSection
	GlobalSection(SolutionProperties) = preSolution
		HideSolutionNode = FALSE
	EndGlobalSection
	GlobalSection(ExtensibilityGlobals) = postSolution
		SolutionGuid = {AC4E60A6-8E0C-4139-B3DC-12E56506A59B}
	EndGlobalSection
EndGlobal
